
Microsoft Visual Studio Solution File, Format Version 12.00
# Visual Studio Version 17
VisualStudioVersion = 17.0.31903.59
MinimumVisualStudioVersion = 10.0.40219.1
Project("{9A19103F-16F7-4668-BE54-9A1E7A4F7556}") = "SportsStore", "SportsStore\SportsStore.csproj", "{91B9AFB0-CEAE-401A-98FF-FF92EE300DE2}"
EndProject
Project("{9A19103F-16F7-4668-BE54-9A1E7A4F7556}") = "SportsStore.Tests", "SportsStore.Tests\SportsStore.Tests.csproj", "{E353B2A6-49FB-4599-AFF7-C7321A21DED7}"
EndProject
Global
	GlobalSection(SolutionConfigurationPlatforms) = preSolution
		Debug|Any CPU = Debug|Any CPU
		Release|Any CPU = Release|Any CPU
	EndGlobalSection
	GlobalSection(ProjectConfigurationPlatforms) = postSolution
		{91B9AFB0-CEAE-401A-98FF-FF92EE300DE2}.Debug|Any CPU.ActiveCfg = Debug|Any CPU
		{91B9AFB0-CEAE-401A-98FF-FF92EE300DE2}.Debug|Any CPU.Build.0 = Debug|Any CPU
		{91B9AFB0-CEAE-401A-98FF-FF92EE300DE2}.Release|Any CPU.ActiveCfg = Release|Any CPU
		{91B9AFB0-CEAE-401A-98FF-FF92EE300DE2}.Release|Any CPU.Build.0 = Release|Any CPU
		{E353B2A6-49FB-4599-AFF7-C7321A21DED7}.Debug|Any CPU.ActiveCfg = Debug|Any CPU
		{E353B2A6-49FB-4599-AFF7-C7321A21DED7}.Debug|Any CPU.Build.0 = Debug|Any CPU
		{E353B2A6-49FB-4599-AFF7-C7321A21DED7}.Release|Any CPU.ActiveCfg = Release|Any CPU
		{E353B2A6-49FB-4599-AFF7-C7321A21DED7}.Release|Any CPU.Build.0 = Release|Any CPU
	EndGlobalSection
	GlobalSection(SolutionProperties) = preSolution
		HideSolutionNode = FALSE
	EndGlobalSection
	GlobalSection(ExtensibilityGlobals) = postSolution
		SolutionGuid = {6DF82E8D-AFBA-4CDD-B04D-F1E27FD80CC7}
	EndGlobalSection
EndGlobal
